{
  "nodes": {
    "buildroot": {
      "flake": false,
      "locked": {
        "lastModified": 1725627684,
        "narHash": "sha256-s0AaPMClTYVHUC4NVBQHhx8EKgSfl0f5kAIYr+WaLfQ=",
        "owner": "buildroot.org",
        "repo": "buildroot",
        "rev": "769d71ae84c7a3d43ee92a1d126b2937713cc811",
        "type": "gitlab"
      },
      "original": {
        "owner": "buildroot.org",
        "ref": "2024.08",
        "repo": "buildroot",
        "type": "gitlab"
      }
    },
    "nixpkgs": {
      "locked": {
        "lastModified": 1708566995,
        "narHash": "sha256-e/THimsoxxMAHSbwMKov5f5Yg+utTj6XVGEo24Lhx+0=",
        "owner": "NixOS",
        "repo": "nixpkgs",
        "rev": "3cb4ae6689d2aa3f363516234572613b31212b78",
        "type": "github"
      },
      "original": {
        "owner": "NixOS",
        "ref": "nixos-23.11",
        "repo": "nixpkgs",
        "type": "github"
      }
    },
    "root": {
      "inputs": {
        "buildroot": "buildroot",
        "nixpkgs": "nixpkgs",
        "treefmt-nix": "treefmt-nix"
      }
    },
    "treefmt-nix": {
      "inputs": {
        "nixpkgs": [
          "nixpkgs"
        ]
      },
      "locked": {
        "lastModified": 1708681819,
        "narHash": "sha256-+YIvy0dDZw8KIFVPS9i+mTHf2RqSJ0+dBB9AXBvDTks=",
        "owner": "numtide",
        "repo": "treefmt-nix",
        "rev": "36fd6923c122a983bc3915692e6cb3ff341ef083",
        "type": "github"
      },
      "original": {
        "owner": "numtide",
        "repo": "treefmt-nix",
        "type": "github"
      }
    }
  },
  "root": "root",
  "version": 7
}
