{
  "Python-3.13.11.tar.xz": {
    "algo": "sha256",
    "checksum": "16ede7bb7cdbfa895d11b0642fa0e523f291e6487194d53cf6d3b338c3a17ea2",
    "uris": [
      "https://python.org/ftp/python/3.13.11/Python-3.13.11.tar.xz",
      "https://sources.buildroot.net/python3/Python-3.13.11.tar.xz",
      "https://sources.buildroot.net/Python-3.13.11.tar.xz"
    ]
  },
  "acl-2.3.2.tar.xz": {
    "algo": "sha256",
    "checksum": "97203a72cae99ab89a067fe2210c1cbf052bc492b479eca7d226d9830883b0bd",
    "uris": [
      "https://download.savannah.nongnu.org/releases/acl/acl-2.3.2.tar.xz",
      "https://sources.buildroot.net/acl/acl-2.3.2.tar.xz",
      "https://sources.buildroot.net/acl-2.3.2.tar.xz"
    ]
  },
  "attr-2.5.2.tar.xz": {
    "algo": "sha256",
    "checksum": "f2e97b0ab7ce293681ab701915766190d607a1dba7fae8a718138150b700a70b",
    "uris": [
      "http://download.savannah.gnu.org/releases/attr/attr-2.5.2.tar.xz",
      "https://sources.buildroot.net/attr/attr-2.5.2.tar.xz",
      "https://sources.buildroot.net/attr-2.5.2.tar.xz"
    ]
  },
  "autoconf-2.72.tar.xz": {
    "algo": "sha256",
    "checksum": "ba885c1319578d6c94d46e9b0dceb4014caafe2490e437a0dbca3f270a223f5a",
    "uris": [
      "https://ftpmirror.gnu.org/autoconf/autoconf-2.72.tar.xz",
      "https://sources.buildroot.net/autoconf/autoconf-2.72.tar.xz",
      "https://sources.buildroot.net/autoconf-2.72.tar.xz"
    ]
  },
  "autoconf-archive-2023.02.20.tar.xz": {
    "algo": "sha256",
    "checksum": "71d4048479ae28f1f5794619c3d72df9c01df49b1c628ef85fde37596dc31a33",
    "uris": [
      "https://ftpmirror.gnu.org/autoconf-archive/autoconf-archive-2023.02.20.tar.xz",
      "https://sources.buildroot.net/autoconf-archive/autoconf-archive-2023.02.20.tar.xz",
      "https://sources.buildroot.net/autoconf-archive-2023.02.20.tar.xz"
    ]
  },
  "automake-1.16.5.tar.xz": {
    "algo": "sha256",
    "checksum": "f01d58cd6d9d77fbdca9eb4bbd5ead1988228fdb73d6f7a201f5f8d6b118b469",
    "uris": [
      "https://ftpmirror.gnu.org/automake/automake-1.16.5.tar.xz",
      "https://sources.buildroot.net/automake/automake-1.16.5.tar.xz",
      "https://sources.buildroot.net/automake-1.16.5.tar.xz"
    ]
  },
  "binutils-2.43.1.tar.xz": {
    "algo": "sha512",
    "checksum": "20977ad17729141a2c26d358628f44a0944b84dcfefdec2ba029c2d02f40dfc41cc91c0631044560d2bd6f9a51e1f15846b4b311befbe14f1239f14ff7d57824",
    "uris": [
      "https://ftpmirror.gnu.org/binutils/binutils-2.43.1.tar.xz",
      "https://sources.buildroot.net/binutils/binutils-2.43.1.tar.xz",
      "https://sources.buildroot.net/binutils-2.43.1.tar.xz"
    ]
  },
  "bison-3.8.2.tar.xz": {
    "algo": "sha256",
    "checksum": "9bba0214ccf7f1079c5d59210045227bcf619519840ebfa80cd3849cff5a5bf2",
    "uris": [
      "https://ftpmirror.gnu.org/bison/bison-3.8.2.tar.xz",
      "https://sources.buildroot.net/bison/bison-3.8.2.tar.xz",
      "https://sources.buildroot.net/bison-3.8.2.tar.xz"
    ]
  },
  "build-1.3.0.tar.gz": {
    "algo": "sha256",
    "checksum": "698edd0ea270bde950f53aed21f3a0135672206f3911e0176261a31e0e07b397",
    "uris": [
      "https://files.pythonhosted.org/packages/25/1c/23e33405a7c9eac261dff640926b8b5adaed6a6eb3e1767d441ed611d0c0/build-1.3.0.tar.gz",
      "https://sources.buildroot.net/python-pypa-build/build-1.3.0.tar.gz",
      "https://sources.buildroot.net/build-1.3.0.tar.gz"
    ]
  },
  "busybox-1.37.0.tar.bz2": {
    "algo": "sha256",
    "checksum": "3311dff32e746499f4df0d5df04d7eb396382d7e108bb9250e7b519b837043a4",
    "uris": [
      "https://www.busybox.net/downloads/busybox-1.37.0.tar.bz2",
      "https://sources.buildroot.net/busybox/busybox-1.37.0.tar.bz2",
      "https://sources.buildroot.net/busybox-1.37.0.tar.bz2"
    ]
  },
  "bzip2-1.0.8.tar.gz": {
    "algo": "sha512",
    "checksum": "083f5e675d73f3233c7930ebe20425a533feedeaaa9d8cc86831312a6581cefbe6ed0d08d2fa89be81082f2a5abdabca8b3c080bf97218a1bd59dc118a30b9f3",
    "uris": [
      "https://sourceware.org/pub/bzip2/bzip2-1.0.8.tar.gz",
      "https://sources.buildroot.net/bzip2/bzip2-1.0.8.tar.gz",
      "https://sources.buildroot.net/bzip2-1.0.8.tar.gz"
    ]
  },
  "cmake-3.31.9.tar.gz": {
    "algo": "sha256",
    "checksum": "5d4fdec04247ca8a8e8f63692f0d0f1e9d6d082a2bdd008dff8ab3ba7215aa83",
    "uris": [
      "https://cmake.org/files/v3.31/cmake-3.31.9.tar.gz",
      "https://sources.buildroot.net/cmake/cmake-3.31.9.tar.gz",
      "https://sources.buildroot.net/cmake-3.31.9.tar.gz"
    ]
  },
  "distlib-0.4.0.tar.gz": {
    "algo": "sha256",
    "checksum": "feec40075be03a04501a973d81f633735b4b69f98b05450592310c0f401a4e0d",
    "uris": [
      "https://files.pythonhosted.org/packages/96/8e/709914eb2b5749865801041647dc7f4e6d00b549cfe88b65ca192995f07c/distlib-0.4.0.tar.gz",
      "https://sources.buildroot.net/python-distlib/distlib-0.4.0.tar.gz",
      "https://sources.buildroot.net/distlib-0.4.0.tar.gz"
    ]
  },
  "dtc-1.7.2.tar.xz": {
    "algo": "sha256",
    "checksum": "92d8ca769805ae1f176204230438fe52808f4e1c7944053c9eec0e649b237539",
    "uris": [
      "https://www.kernel.org/pub/software/utils/dtc/dtc-1.7.2.tar.xz",
      "https://sources.buildroot.net/dtc/dtc-1.7.2.tar.xz",
      "https://sources.buildroot.net/dtc-1.7.2.tar.xz"
    ]
  },
  "e2fsprogs-1.47.3.tar.xz": {
    "algo": "sha256",
    "checksum": "857e6ef800feaa2bb4578fbc810214be5d3c88b072ea53c5384733a965737329",
    "uris": [
      "https://cdn.kernel.org/pub/linux/kernel/people/tytso/e2fsprogs/v1.47.3/e2fsprogs-1.47.3.tar.xz",
      "https://sources.buildroot.net/e2fsprogs/e2fsprogs-1.47.3.tar.xz",
      "https://sources.buildroot.net/e2fsprogs-1.47.3.tar.xz"
    ]
  },
  "elfutils-0.194.tar.bz2": {
    "algo": "sha512",
    "checksum": "5d00502f61b92643bf61dc61da4ddded36c423466388d992bcd388c5208761b8ed9db1a01492c085cd0984eef30c08f895a8e307e78e0df8df40b56ae35b78a5",
    "uris": [
      "https://sourceware.org/elfutils/ftp/0.194/elfutils-0.194.tar.bz2",
      "https://sources.buildroot.net/elfutils/elfutils-0.194.tar.bz2",
      "https://sources.buildroot.net/elfutils-0.194.tar.bz2"
    ]
  },
  "expat-2.7.3.tar.xz": {
    "algo": "sha256",
    "checksum": "71df8f40706a7bb0a80a5367079ea75d91da4f8c65c58ec59bcdfbf7decdab9f",
    "uris": [
      "https://github.com/libexpat/libexpat/releases/download/R_2_7_3/expat-2.7.3.tar.xz",
      "https://sources.buildroot.net/expat/expat-2.7.3.tar.xz",
      "https://sources.buildroot.net/expat-2.7.3.tar.xz"
    ]
  },
  "fakeroot_1.37.1.2.orig.tar.gz": {
    "algo": "sha256",
    "checksum": "959496928c8a676ec8377f665ff6a19a707bfad693325f9cc4a4126642f53224",
    "uris": [
      "https://snapshot.debian.org/archive/debian/20250513T025019Z/pool/main/f/fakeroot/fakeroot_1.37.1.2.orig.tar.gz",
      "https://sources.buildroot.net/fakeroot/fakeroot_1.37.1.2.orig.tar.gz",
      "https://sources.buildroot.net/fakeroot_1.37.1.2.orig.tar.gz"
    ]
  },
  "flex-2.6.4.tar.gz": {
    "algo": "sha256",
    "checksum": "e87aae032bf07c26f85ac0ed3250998c37621d95f8bd748b31f15b33c45ee995",
    "uris": [
      "https://github.com/westes/flex/files/981163/flex-2.6.4.tar.gz",
      "https://sources.buildroot.net/flex/flex-2.6.4.tar.gz",
      "https://sources.buildroot.net/flex-2.6.4.tar.gz"
    ]
  },
  "flit_core-3.12.0.tar.gz": {
    "algo": "sha256",
    "checksum": "18f63100d6f94385c6ed57a72073443e1a71a4acb4339491615d0f16d6ff01b2",
    "uris": [
      "https://files.pythonhosted.org/packages/69/59/b6fc2188dfc7ea4f936cd12b49d707f66a1cb7a1d2c16172963534db741b/flit_core-3.12.0.tar.gz",
      "https://sources.buildroot.net/python-flit-core/flit_core-3.12.0.tar.gz",
      "https://sources.buildroot.net/flit_core-3.12.0.tar.gz"
    ]
  },
  "gawk-5.3.2.tar.xz": {
    "algo": "sha256",
    "checksum": "f8c3486509de705192138b00ef2c00bbbdd0e84c30d5c07d23fc73a9dc4cc9cc",
    "uris": [
      "https://ftpmirror.gnu.org/gawk/gawk-5.3.2.tar.xz",
      "https://sources.buildroot.net/gawk/gawk-5.3.2.tar.xz",
      "https://sources.buildroot.net/gawk-5.3.2.tar.xz"
    ]
  },
  "gcc-14.3.0.tar.xz": {
    "algo": "sha512",
    "checksum": "cb4e3259640721bbd275c723fe4df53d12f9b1673afb3db274c22c6aa457865dccf2d6ea20b4fd4c591f6152e6d4b87516c402015900f06ce9d43af66d3b7a93",
    "uris": [
      "https://ftpmirror.gnu.org/gcc/gcc-14.3.0/gcc-14.3.0.tar.xz",
      "https://sources.buildroot.net/gcc/gcc-14.3.0.tar.xz",
      "https://sources.buildroot.net/gcc-14.3.0.tar.xz"
    ]
  },
  "gettext-0.22.4.tar.xz": {
    "algo": "sha256",
    "checksum": "29217f1816ee2e777fa9a01f9956a14139c0c23cc1b20368f06b2888e8a34116",
    "uris": [
      "https://ftpmirror.gnu.org/gettext/gettext-0.22.4.tar.xz",
      "https://sources.buildroot.net/gettext-tiny/gettext-0.22.4.tar.xz",
      "https://sources.buildroot.net/gettext-0.22.4.tar.xz"
    ]
  },
  "gettext-tiny-0.3.2.tar.gz": {
    "algo": "sha256",
    "checksum": "29cc165e27e83d2bb3760118c2368eadab550830d962d758e51bd36eb860f383",
    "uris": [
      "https://github.com/sabotage-linux/gettext-tiny/archive/v0.3.2/gettext-tiny-0.3.2.tar.gz",
      "https://sources.buildroot.net/gettext-tiny/gettext-tiny-0.3.2.tar.gz",
      "https://sources.buildroot.net/gettext-tiny-0.3.2.tar.gz"
    ]
  },
  "glib-2.86.1.tar.xz": {
    "algo": "sha256",
    "checksum": "119d1708ca022556d6d2989ee90ad1b82bd9c0d1667e066944a6d0020e2d5e57",
    "uris": [
      "https://download.gnome.org/sources/glib/2.86/glib-2.86.1.tar.xz",
      "https://sources.buildroot.net/libglib2/glib-2.86.1.tar.xz",
      "https://sources.buildroot.net/glib-2.86.1.tar.xz"
    ]
  },
  "glibc-2.42-3-gbc13db73937730401d592b33092db6df806d193e.tar.gz": {
    "algo": "sha256",
    "checksum": "a364a548ebda9c570f5bf62bf5e4ad3240a90056455b9edfbf1472a7254bd1c0",
    "uris": [
      "https://github.com/bminor/glibc/archive/2.42-3-gbc13db73937730401d592b33092db6df806d193e/glibc-2.42-3-gbc13db73937730401d592b33092db6df806d193e.tar.gz",
      "https://sources.buildroot.net/glibc/glibc-2.42-3-gbc13db73937730401d592b33092db6df806d193e.tar.gz",
      "https://sources.buildroot.net/glibc-2.42-3-gbc13db73937730401d592b33092db6df806d193e.tar.gz"
    ]
  },
  "gmp-6.3.0.tar.xz": {
    "algo": "sha256",
    "checksum": "a3c2b80201b89e68616f4ad30bc66aee4927c3ce50e33929ca819d5c43538898",
    "uris": [
      "https://ftpmirror.gnu.org/gmp/gmp-6.3.0.tar.xz",
      "https://sources.buildroot.net/gmp/gmp-6.3.0.tar.xz",
      "https://sources.buildroot.net/gmp-6.3.0.tar.xz"
    ]
  },
  "installer-0.7.0.tar.gz": {
    "algo": "sha256",
    "checksum": "a26d3e3116289bb08216e0d0f7d925fcef0b0194eedfa0c944bcaaa106c4b631",
    "uris": [
      "https://files.pythonhosted.org/packages/05/18/ceeb4e3ab3aa54495775775b38ae42b10a92f42ce42dfa44da684289b8c8/installer-0.7.0.tar.gz",
      "https://sources.buildroot.net/python-installer/installer-0.7.0.tar.gz",
      "https://sources.buildroot.net/installer-0.7.0.tar.gz"
    ]
  },
  "kmod-33.tar.xz": {
    "algo": "sha256",
    "checksum": "dc768b3155172091f56dc69430b5481f2d76ecd9ccb54ead8c2540dbcf5ea9bc",
    "uris": [
      "https://cdn.kernel.org/pub/linux/utils/kernel/kmod/kmod-33.tar.xz",
      "https://sources.buildroot.net/kmod/kmod-33.tar.xz",
      "https://sources.buildroot.net/kmod-33.tar.xz"
    ]
  },
  "libffi-3.4.8.tar.gz": {
    "algo": "sha256",
    "checksum": "bc9842a18898bfacb0ed1252c4febcc7e78fa139fd27fdc7a3e30d9d9356119b",
    "uris": [
      "https://github.com/libffi/libffi/releases/download/v3.4.8/libffi-3.4.8.tar.gz",
      "https://sources.buildroot.net/libffi/libffi-3.4.8.tar.gz",
      "https://sources.buildroot.net/libffi-3.4.8.tar.gz"
    ]
  },
  "libslirp-v4.9.1.tar.bz2": {
    "algo": "sha256",
    "checksum": "3caff6e2de445f4995629d4929c55419f661b2b1d14f12481e155a71c1e8f811",
    "uris": [
      "https://gitlab.freedesktop.org/slirp/libslirp/-/archive/v4.9.1/libslirp-v4.9.1.tar.bz2",
      "https://sources.buildroot.net/slirp/libslirp-v4.9.1.tar.bz2",
      "https://sources.buildroot.net/libslirp-v4.9.1.tar.bz2"
    ]
  },
  "libtool-2.4.6.tar.xz": {
    "algo": "sha256",
    "checksum": "7c87a8c2c8c0fc9cd5019e402bed4292462d00a718a7cd5f11218153bf28b26f",
    "uris": [
      "https://ftpmirror.gnu.org/libtool/libtool-2.4.6.tar.xz",
      "https://sources.buildroot.net/libtool/libtool-2.4.6.tar.xz",
      "https://sources.buildroot.net/libtool-2.4.6.tar.xz"
    ]
  },
  "linux-6.12.47.tar.xz": {
    "algo": "sha256",
    "checksum": "e82fe40871743048226987bd349ef107168b15aab90140e872ca4ed470922e25",
    "uris": [
      "https://cdn.kernel.org/pub/linux/kernel/v6.x/linux-6.12.47.tar.xz",
      "https://sources.buildroot.net/linux/linux-6.12.47.tar.xz",
      "https://sources.buildroot.net/linux-6.12.47.tar.xz"
    ]
  },
  "m4-1.4.20.tar.xz": {
    "algo": "sha256",
    "checksum": "e236ea3a1ccf5f6c270b1c4bb60726f371fa49459a8eaaebc90b216b328daf2b",
    "uris": [
      "https://ftpmirror.gnu.org/m4/m4-1.4.20.tar.xz",
      "https://sources.buildroot.net/m4/m4-1.4.20.tar.xz",
      "https://sources.buildroot.net/m4-1.4.20.tar.xz"
    ]
  },
  "meson-1.8.3.tar.gz": {
    "algo": "sha256",
    "checksum": "f118aa910fc0a137cc2dd0122232dbf82153d9a12fb5b0f5bb64896f6a157abf",
    "uris": [
      "https://github.com/mesonbuild/meson/releases/download/1.8.3/meson-1.8.3.tar.gz",
      "https://sources.buildroot.net/meson/meson-1.8.3.tar.gz",
      "https://sources.buildroot.net/meson-1.8.3.tar.gz"
    ]
  },
  "mpc-1.3.1.tar.gz": {
    "algo": "sha256",
    "checksum": "ab642492f5cf882b74aa0cb730cd410a81edcdbec895183ce930e706c1c759b8",
    "uris": [
      "https://ftpmirror.gnu.org/mpc/mpc-1.3.1.tar.gz",
      "https://sources.buildroot.net/mpc/mpc-1.3.1.tar.gz",
      "https://sources.buildroot.net/mpc-1.3.1.tar.gz"
    ]
  },
  "mpfr-4.1.1.tar.xz": {
    "algo": "sha256",
    "checksum": "ffd195bd567dbaffc3b98b23fd00aad0537680c9896171e44fe3ff79e28ac33d",
    "uris": [
      "http://www.mpfr.org/mpfr-4.1.1/mpfr-4.1.1.tar.xz",
      "https://sources.buildroot.net/mpfr/mpfr-4.1.1.tar.xz",
      "https://sources.buildroot.net/mpfr-4.1.1.tar.xz"
    ]
  },
  "ninja-1.11.1.g95dee.kitware.jobserver-1.tar.gz": {
    "algo": "sha256",
    "checksum": "7ba84551f5b315b4270dc7c51adef5dff83a2154a3665a6c9744245c122dd0db",
    "uris": [
      "https://github.com/Kitware/ninja/archive/v1.11.1.g95dee.kitware.jobserver-1/ninja-1.11.1.g95dee.kitware.jobserver-1.tar.gz",
      "https://sources.buildroot.net/ninja/ninja-1.11.1.g95dee.kitware.jobserver-1.tar.gz",
      "https://sources.buildroot.net/ninja-1.11.1.g95dee.kitware.jobserver-1.tar.gz"
    ]
  },
  "packaging-25.0.tar.gz": {
    "algo": "sha256",
    "checksum": "d443872c98d677bf60f6a1f2f8c1cb748e8fe762d2bf9d3148b5599295b0fc4f",
    "uris": [
      "https://files.pythonhosted.org/packages/a1/d4/1fc4078c65507b51b96ca8f8c3ba19e6a61c8253c72794544580a7b6c24d/packaging-25.0.tar.gz",
      "https://sources.buildroot.net/python-packaging/packaging-25.0.tar.gz",
      "https://sources.buildroot.net/packaging-25.0.tar.gz"
    ]
  },
  "patchelf-0.13.tar.bz2": {
    "algo": "sha256",
    "checksum": "4c7ed4bcfc1a114d6286e4a0d3c1a90db147a4c3adda1814ee0eee0f9ee917ed",
    "uris": [
      "https://github.com/NixOS/patchelf/releases/download/0.13/patchelf-0.13.tar.bz2",
      "https://sources.buildroot.net/patchelf/patchelf-0.13.tar.bz2",
      "https://sources.buildroot.net/patchelf-0.13.tar.bz2"
    ]
  },
  "pcre2-10.47.tar.bz2": {
    "algo": "sha256",
    "checksum": "47fe8c99461250d42f89e6e8fdaeba9da057855d06eb7fc08d9ca03fd08d7bc7",
    "uris": [
      "https://github.com/PCRE2Project/pcre2/releases/download/pcre2-10.47/pcre2-10.47.tar.bz2",
      "https://sources.buildroot.net/pcre2/pcre2-10.47.tar.bz2",
      "https://sources.buildroot.net/pcre2-10.47.tar.bz2"
    ]
  },
  "pixman-0.44.2.tar.xz": {
    "algo": "sha512",
    "checksum": "b24907f9a0bf6a9aa3278d31986c562c5f2d68f8c178021497c8648aca9f91e4c6f1ecfacf93eb01ba4f03ce4cfc5970fc40bb0fe6724bac9210fc57da09cba4",
    "uris": [
      "https://xorg.freedesktop.org/releases/individual/lib/pixman-0.44.2.tar.xz",
      "https://sources.buildroot.net/pixman/pixman-0.44.2.tar.xz",
      "https://sources.buildroot.net/pixman-0.44.2.tar.xz"
    ]
  },
  "pkgconf-2.3.0.tar.xz": {
    "algo": "sha256",
    "checksum": "3a9080ac51d03615e7c1910a0a2a8df08424892b5f13b0628a204d3fcce0ea8b",
    "uris": [
      "https://distfiles.ariadne.space/pkgconf/pkgconf-2.3.0.tar.xz",
      "https://sources.buildroot.net/pkgconf/pkgconf-2.3.0.tar.xz",
      "https://sources.buildroot.net/pkgconf-2.3.0.tar.xz"
    ]
  },
  "pyproject_hooks-1.2.0.tar.gz": {
    "algo": "sha256",
    "checksum": "1e859bd5c40fae9448642dd871adf459e5e2084186e8d2c2a79a824c970da1f8",
    "uris": [
      "https://files.pythonhosted.org/packages/e7/82/28175b2414effca1cdac8dc99f76d660e7a4fb0ceefa4b4ab8f5f6742925/pyproject_hooks-1.2.0.tar.gz",
      "https://sources.buildroot.net/python-pyproject-hooks/pyproject_hooks-1.2.0.tar.gz",
      "https://sources.buildroot.net/pyproject_hooks-1.2.0.tar.gz"
    ]
  },
  "qemu-10.1.0.tar.xz": {
    "algo": "sha256",
    "checksum": "e0517349b50ca73ebec2fa85b06050d5c463ca65c738833bd8fc1f15f180be51",
    "uris": [
      "https://download.qemu.org/qemu-10.1.0.tar.xz",
      "https://sources.buildroot.net/qemu/qemu-10.1.0.tar.xz",
      "https://sources.buildroot.net/qemu-10.1.0.tar.xz"
    ]
  },
  "setuptools-80.9.0.tar.gz": {
    "algo": "sha256",
    "checksum": "f36b47402ecde768dbfafc46e8e4207b4360c654f1f3bb84475f0a28628fb19c",
    "uris": [
      "https://files.pythonhosted.org/packages/18/5d/3bf57dcd21979b887f014ea83c24ae194cfcd12b9e0fda66b957c69d1fca/setuptools-80.9.0.tar.gz",
      "https://sources.buildroot.net/python-setuptools/setuptools-80.9.0.tar.gz",
      "https://sources.buildroot.net/setuptools-80.9.0.tar.gz"
    ]
  },
  "util-linux-2.41.1.tar.xz": {
    "algo": "sha256",
    "checksum": "be9ad9a276f4305ab7dd2f5225c8be1ff54352f565ff4dede9628c1aaa7dec57",
    "uris": [
      "https://cdn.kernel.org/pub/linux/utils/util-linux/v2.41/util-linux-2.41.1.tar.xz",
      "https://sources.buildroot.net/util-linux/util-linux-2.41.1.tar.xz",
      "https://sources.buildroot.net/util-linux-2.41.1.tar.xz"
    ]
  },
  "wheel-0.45.1.tar.gz": {
    "algo": "sha256",
    "checksum": "661e1abd9198507b1409a20c02106d9670b2576e916d58f520316666abca6729",
    "uris": [
      "https://files.pythonhosted.org/packages/8a/98/2d9906746cdc6a6ef809ae6338005b3f21bb568bea3165cfc6a243fdc25c/wheel-0.45.1.tar.gz",
      "https://sources.buildroot.net/python-wheel/wheel-0.45.1.tar.gz",
      "https://sources.buildroot.net/wheel-0.45.1.tar.gz"
    ]
  },
  "xz-5.8.1.tar.bz2": {
    "algo": "sha256",
    "checksum": "5965c692c4c8800cd4b33ce6d0f6ac9ac9d6ab227b17c512b6561bce4f08d47e",
    "uris": [
      "https://github.com/tukaani-project/xz/releases/download/v5.8.1/xz-5.8.1.tar.bz2",
      "https://sources.buildroot.net/xz/xz-5.8.1.tar.bz2",
      "https://sources.buildroot.net/xz-5.8.1.tar.bz2"
    ]
  },
  "zlib-1.3.1.tar.xz": {
    "algo": "sha256",
    "checksum": "38ef96b8dfe510d42707d9c781877914792541133e1870841463bfa73f883e32",
    "uris": [
      "https://www.zlib.net/zlib-1.3.1.tar.xz",
      "https://sources.buildroot.net/libzlib/zlib-1.3.1.tar.xz",
      "https://sources.buildroot.net/zlib-1.3.1.tar.xz"
    ]
  },
  "zstd-1.5.7.tar.gz": {
    "algo": "sha256",
    "checksum": "eb33e51f49a15e023950cd7825ca74a4a2b43db8354825ac24fc1b7ee09e6fa3",
    "uris": [
      "https://github.com/facebook/zstd/releases/download/v1.5.7/zstd-1.5.7.tar.gz",
      "https://sources.buildroot.net/zstd/zstd-1.5.7.tar.gz",
      "https://sources.buildroot.net/zstd-1.5.7.tar.gz"
    ]
  }
}